
Microsoft Visual Studio Solution File, Format Version 12.00
# Visual Studio Version 17
VisualStudioVersion = 17.13.35806.99 d17.13
MinimumVisualStudioVersion = 10.0.40219.1
Project("{FAE04EC0-301F-11D3-BF4B-00C04F79EFBC}") = "backend_csh", "backend_csh\backend_csh.csproj", "{3ACB3838-B47B-40BA-9CCA-5074BA776AA5}"
EndProject
Global
	GlobalSection(SolutionConfigurationPlatforms) = preSolution
		Debug|Any CPU = Debug|Any CPU
		Release|Any CPU = Release|Any CPU
	EndGlobalSection
	GlobalSection(ProjectConfigurationPlatforms) = postSolution
		{3ACB3838-B47B-40BA-9CCA-5074BA776AA5}.Debug|Any CPU.ActiveCfg = Debug|Any CPU
		{3ACB3838-B47B-40BA-9CCA-5074BA776AA5}.Debug|Any CPU.Build.0 = Debug|Any CPU
		{3ACB3838-B47B-40BA-9CCA-5074BA776AA5}.Release|Any CPU.ActiveCfg = Release|Any CPU
		{3ACB3838-B47B-40BA-9CCA-5074BA776AA5}.Release|Any CPU.Build.0 = Release|Any CPU
	EndGlobalSection
	GlobalSection(SolutionProperties) = preSolution
		HideSolutionNode = FALSE
	EndGlobalSection
	GlobalSection(ExtensibilityGlobals) = postSolution
		SolutionGuid = {7F2080B8-C4B4-49CE-91E4-FE40FD050E9A}
	EndGlobalSection
EndGlobal
